
Microsoft Visual Studio Solution File, Format Version 12.00
# Visual Studio 15
VisualStudioVersion = 15.0.26124.0
MinimumVisualStudioVersion = 15.0.26124.0
Project("{FAE04EC0-301F-11D3-BF4B-00C04F79EFBC}") = "Mayope.Api", "Mayope.Api\Mayope.Api.csproj", "{0483E1E5-51A2-4507-9E9D-406B3845A550}"
EndProject
Project("{FAE04EC0-301F-11D3-BF4B-00C04F79EFBC}") = "Mayope.Data", "Mayope.Data\Mayope.Data.csproj", "{92021D08-3092-49AC-A595-DDF740562635}"
EndProject
Project("{FAE04EC0-301F-11D3-BF4B-00C04F79EFBC}") = "Mayope.Data.Mock", "Mayope.Data.Mock\Mayope.Data.Mock.csproj", "{593EF5C5-85A1-4BB5-9A99-7979EEA8DE53}"
EndProject
Project("{FAE04EC0-301F-11D3-BF4B-00C04F79EFBC}") = "Mayope.Data.Sql", "Mayope.Data.Sql\Mayope.Data.Sql.csproj", "{77F70ADD-5B3E-436C-B48A-108F5703C021}"
EndProject
Project("{FAE04EC0-301F-11D3-BF4B-00C04F79EFBC}") = "Mayope.Data.Mysql", "Mayope.Data.Mysql\Mayope.Data.Mysql.csproj", "{09AC80E0-5234-412B-9635-9EA9AA77ADE1}"
EndProject
Project("{FAE04EC0-301F-11D3-BF4B-00C04F79EFBC}") = "Mayope.Auth", "Mayope.Auth\Mayope.Auth.csproj", "{A581A988-2683-46C2-912D-5C4B7931CE4B}"
EndProject
Project("{FAE04EC0-301F-11D3-BF4B-00C04F79EFBC}") = "Mayope.Auth.Mock", "Mayope.Auth.Mock\Mayope.Auth.Mock.csproj", "{D9D1CEC1-3B58-4809-979A-6A19E5D90CD1}"
EndProject
Project("{FAE04EC0-301F-11D3-BF4B-00C04F79EFBC}") = "Mayope.Auth.Data", "Mayope.Auth.Data\Mayope.Auth.Data.csproj", "{C6A0AACF-8AE8-4DD6-8D67-1DA780E8CCCD}"
EndProject
Project("{FAE04EC0-301F-11D3-BF4B-00C04F79EFBC}") = "Mayope.Server", "Mayope.Server\Mayope.Server.csproj", "{3750BD77-F32E-44C7-B95C-0084F8F26F08}"
EndProject
Project("{FAE04EC0-301F-11D3-BF4B-00C04F79EFBC}") = "Mayope.Server.Rest", "Mayope.Server.Rest\Mayope.Server.Rest.csproj", "{6EDC68E4-F39F-4FF1-BC9E-942E46F1AC35}"
EndProject
Global
	GlobalSection(SolutionProperties) = preSolution
		HideSolutionNode = FALSE
	EndGlobalSection
	GlobalSection(SolutionConfigurationPlatforms) = preSolution
		Debug|Any CPU = Debug|Any CPU
		Debug|x64 = Debug|x64
		Debug|x86 = Debug|x86
		Release|Any CPU = Release|Any CPU
		Release|x64 = Release|x64
		Release|x86 = Release|x86
	EndGlobalSection
	GlobalSection(ProjectConfigurationPlatforms) = postSolution
		{6EDC68E4-F39F-4FF1-BC9E-942E46F1AC35}.Debug|Any CPU.ActiveCfg = Debug|Any CPU
		{6EDC68E4-F39F-4FF1-BC9E-942E46F1AC35}.Debug|Any CPU.Build.0 = Debug|Any CPU
		{6EDC68E4-F39F-4FF1-BC9E-942E46F1AC35}.Debug|x64.ActiveCfg = Debug|x64
		{6EDC68E4-F39F-4FF1-BC9E-942E46F1AC35}.Debug|x64.Build.0 = Debug|x64
		{6EDC68E4-F39F-4FF1-BC9E-942E46F1AC35}.Debug|x86.ActiveCfg = Debug|x86
		{6EDC68E4-F39F-4FF1-BC9E-942E46F1AC35}.Debug|x86.Build.0 = Debug|x86
		{6EDC68E4-F39F-4FF1-BC9E-942E46F1AC35}.Release|Any CPU.ActiveCfg = Release|Any CPU
		{6EDC68E4-F39F-4FF1-BC9E-942E46F1AC35}.Release|Any CPU.Build.0 = Release|Any CPU
		{6EDC68E4-F39F-4FF1-BC9E-942E46F1AC35}.Release|x64.ActiveCfg = Release|x64
		{6EDC68E4-F39F-4FF1-BC9E-942E46F1AC35}.Release|x64.Build.0 = Release|x64
		{6EDC68E4-F39F-4FF1-BC9E-942E46F1AC35}.Release|x86.ActiveCfg = Release|x86
		{6EDC68E4-F39F-4FF1-BC9E-942E46F1AC35}.Release|x86.Build.0 = Release|x86
		{0483E1E5-51A2-4507-9E9D-406B3845A550}.Debug|Any CPU.ActiveCfg = Debug|Any CPU
		{0483E1E5-51A2-4507-9E9D-406B3845A550}.Debug|Any CPU.Build.0 = Debug|Any CPU
		{0483E1E5-51A2-4507-9E9D-406B3845A550}.Debug|x64.ActiveCfg = Debug|x64
		{0483E1E5-51A2-4507-9E9D-406B3845A550}.Debug|x64.Build.0 = Debug|x64
		{0483E1E5-51A2-4507-9E9D-406B3845A550}.Debug|x86.ActiveCfg = Debug|x86
		{0483E1E5-51A2-4507-9E9D-406B3845A550}.Debug|x86.Build.0 = Debug|x86
		{0483E1E5-51A2-4507-9E9D-406B3845A550}.Release|Any CPU.ActiveCfg = Release|Any CPU
		{0483E1E5-51A2-4507-9E9D-406B3845A550}.Release|Any CPU.Build.0 = Release|Any CPU
		{0483E1E5-51A2-4507-9E9D-406B3845A550}.Release|x64.ActiveCfg = Release|x64
		{0483E1E5-51A2-4507-9E9D-406B3845A550}.Release|x64.Build.0 = Release|x64
		{0483E1E5-51A2-4507-9E9D-406B3845A550}.Release|x86.ActiveCfg = Release|x86
		{0483E1E5-51A2-4507-9E9D-406B3845A550}.Release|x86.Build.0 = Release|x86
		{D9D1CEC1-3B58-4809-979A-6A19E5D90CD1}.Debug|Any CPU.ActiveCfg = Debug|Any CPU
		{D9D1CEC1-3B58-4809-979A-6A19E5D90CD1}.Debug|Any CPU.Build.0 = Debug|Any CPU
		{D9D1CEC1-3B58-4809-979A-6A19E5D90CD1}.Debug|x64.ActiveCfg = Debug|x64
		{D9D1CEC1-3B58-4809-979A-6A19E5D90CD1}.Debug|x64.Build.0 = Debug|x64
		{D9D1CEC1-3B58-4809-979A-6A19E5D90CD1}.Debug|x86.ActiveCfg = Debug|x86
		{D9D1CEC1-3B58-4809-979A-6A19E5D90CD1}.Debug|x86.Build.0 = Debug|x86
		{D9D1CEC1-3B58-4809-979A-6A19E5D90CD1}.Release|Any CPU.ActiveCfg = Release|Any CPU
		{D9D1CEC1-3B58-4809-979A-6A19E5D90CD1}.Release|Any CPU.Build.0 = Release|Any CPU
		{D9D1CEC1-3B58-4809-979A-6A19E5D90CD1}.Release|x64.ActiveCfg = Release|x64
		{D9D1CEC1-3B58-4809-979A-6A19E5D90CD1}.Release|x64.Build.0 = Release|x64
		{D9D1CEC1-3B58-4809-979A-6A19E5D90CD1}.Release|x86.ActiveCfg = Release|x86
		{D9D1CEC1-3B58-4809-979A-6A19E5D90CD1}.Release|x86.Build.0 = Release|x86
		{C6A0AACF-8AE8-4DD6-8D67-1DA780E8CCCD}.Debug|Any CPU.ActiveCfg = Debug|Any CPU
		{C6A0AACF-8AE8-4DD6-8D67-1DA780E8CCCD}.Debug|Any CPU.Build.0 = Debug|Any CPU
		{C6A0AACF-8AE8-4DD6-8D67-1DA780E8CCCD}.Debug|x64.ActiveCfg = Debug|x64
		{C6A0AACF-8AE8-4DD6-8D67-1DA780E8CCCD}.Debug|x64.Build.0 = Debug|x64
		{C6A0AACF-8AE8-4DD6-8D67-1DA780E8CCCD}.Debug|x86.ActiveCfg = Debug|x86
		{C6A0AACF-8AE8-4DD6-8D67-1DA780E8CCCD}.Debug|x86.Build.0 = Debug|x86
		{C6A0AACF-8AE8-4DD6-8D67-1DA780E8CCCD}.Release|Any CPU.ActiveCfg = Release|Any CPU
		{C6A0AACF-8AE8-4DD6-8D67-1DA780E8CCCD}.Release|Any CPU.Build.0 = Release|Any CPU
		{C6A0AACF-8AE8-4DD6-8D67-1DA780E8CCCD}.Release|x64.ActiveCfg = Release|x64
		{C6A0AACF-8AE8-4DD6-8D67-1DA780E8CCCD}.Release|x64.Build.0 = Release|x64
		{C6A0AACF-8AE8-4DD6-8D67-1DA780E8CCCD}.Release|x86.ActiveCfg = Release|x86
		{C6A0AACF-8AE8-4DD6-8D67-1DA780E8CCCD}.Release|x86.Build.0 = Release|x86
		{A581A988-2683-46C2-912D-5C4B7931CE4B}.Debug|Any CPU.ActiveCfg = Debug|Any CPU
		{A581A988-2683-46C2-912D-5C4B7931CE4B}.Debug|Any CPU.Build.0 = Debug|Any CPU
		{A581A988-2683-46C2-912D-5C4B7931CE4B}.Debug|x64.ActiveCfg = Debug|x64
		{A581A988-2683-46C2-912D-5C4B7931CE4B}.Debug|x64.Build.0 = Debug|x64
		{A581A988-2683-46C2-912D-5C4B7931CE4B}.Debug|x86.ActiveCfg = Debug|x86
		{A581A988-2683-46C2-912D-5C4B7931CE4B}.Debug|x86.Build.0 = Debug|x86
		{A581A988-2683-46C2-912D-5C4B7931CE4B}.Release|Any CPU.ActiveCfg = Release|Any CPU
		{A581A988-2683-46C2-912D-5C4B7931CE4B}.Release|Any CPU.Build.0 = Release|Any CPU
		{A581A988-2683-46C2-912D-5C4B7931CE4B}.Release|x64.ActiveCfg = Release|x64
		{A581A988-2683-46C2-912D-5C4B7931CE4B}.Release|x64.Build.0 = Release|x64
		{A581A988-2683-46C2-912D-5C4B7931CE4B}.Release|x86.ActiveCfg = Release|x86
		{A581A988-2683-46C2-912D-5C4B7931CE4B}.Release|x86.Build.0 = Release|x86
		{77F70ADD-5B3E-436C-B48A-108F5703C021}.Debug|Any CPU.ActiveCfg = Debug|Any CPU
		{77F70ADD-5B3E-436C-B48A-108F5703C021}.Debug|Any CPU.Build.0 = Debug|Any CPU
		{77F70ADD-5B3E-436C-B48A-108F5703C021}.Debug|x64.ActiveCfg = Debug|x64
		{77F70ADD-5B3E-436C-B48A-108F5703C021}.Debug|x64.Build.0 = Debug|x64
		{77F70ADD-5B3E-436C-B48A-108F5703C021}.Debug|x86.ActiveCfg = Debug|x86
		{77F70ADD-5B3E-436C-B48A-108F5703C021}.Debug|x86.Build.0 = Debug|x86
		{77F70ADD-5B3E-436C-B48A-108F5703C021}.Release|Any CPU.ActiveCfg = Release|Any CPU
		{77F70ADD-5B3E-436C-B48A-108F5703C021}.Release|Any CPU.Build.0 = Release|Any CPU
		{77F70ADD-5B3E-436C-B48A-108F5703C021}.Release|x64.ActiveCfg = Release|x64
		{77F70ADD-5B3E-436C-B48A-108F5703C021}.Release|x64.Build.0 = Release|x64
		{77F70ADD-5B3E-436C-B48A-108F5703C021}.Release|x86.ActiveCfg = Release|x86
		{77F70ADD-5B3E-436C-B48A-108F5703C021}.Release|x86.Build.0 = Release|x86
		{92021D08-3092-49AC-A595-DDF740562635}.Debug|Any CPU.ActiveCfg = Debug|Any CPU
		{92021D08-3092-49AC-A595-DDF740562635}.Debug|Any CPU.Build.0 = Debug|Any CPU
		{92021D08-3092-49AC-A595-DDF740562635}.Debug|x64.ActiveCfg = Debug|x64
		{92021D08-3092-49AC-A595-DDF740562635}.Debug|x64.Build.0 = Debug|x64
		{92021D08-3092-49AC-A595-DDF740562635}.Debug|x86.ActiveCfg = Debug|x86
		{92021D08-3092-49AC-A595-DDF740562635}.Debug|x86.Build.0 = Debug|x86
		{92021D08-3092-49AC-A595-DDF740562635}.Release|Any CPU.ActiveCfg = Release|Any CPU
		{92021D08-3092-49AC-A595-DDF740562635}.Release|Any CPU.Build.0 = Release|Any CPU
		{92021D08-3092-49AC-A595-DDF740562635}.Release|x64.ActiveCfg = Release|x64
		{92021D08-3092-49AC-A595-DDF740562635}.Release|x64.Build.0 = Release|x64
		{92021D08-3092-49AC-A595-DDF740562635}.Release|x86.ActiveCfg = Release|x86
		{92021D08-3092-49AC-A595-DDF740562635}.Release|x86.Build.0 = Release|x86
		{09AC80E0-5234-412B-9635-9EA9AA77ADE1}.Debug|Any CPU.ActiveCfg = Debug|Any CPU
		{09AC80E0-5234-412B-9635-9EA9AA77ADE1}.Debug|Any CPU.Build.0 = Debug|Any CPU
		{09AC80E0-5234-412B-9635-9EA9AA77ADE1}.Debug|x64.ActiveCfg = Debug|x64
		{09AC80E0-5234-412B-9635-9EA9AA77ADE1}.Debug|x64.Build.0 = Debug|x64
		{09AC80E0-5234-412B-9635-9EA9AA77ADE1}.Debug|x86.ActiveCfg = Debug|x86
		{09AC80E0-5234-412B-9635-9EA9AA77ADE1}.Debug|x86.Build.0 = Debug|x86
		{09AC80E0-5234-412B-9635-9EA9AA77ADE1}.Release|Any CPU.ActiveCfg = Release|Any CPU
		{09AC80E0-5234-412B-9635-9EA9AA77ADE1}.Release|Any CPU.Build.0 = Release|Any CPU
		{09AC80E0-5234-412B-9635-9EA9AA77ADE1}.Release|x64.ActiveCfg = Release|x64
		{09AC80E0-5234-412B-9635-9EA9AA77ADE1}.Release|x64.Build.0 = Release|x64
		{09AC80E0-5234-412B-9635-9EA9AA77ADE1}.Release|x86.ActiveCfg = Release|x86
		{09AC80E0-5234-412B-9635-9EA9AA77ADE1}.Release|x86.Build.0 = Release|x86
		{3750BD77-F32E-44C7-B95C-0084F8F26F08}.Debug|Any CPU.ActiveCfg = Debug|Any CPU
		{3750BD77-F32E-44C7-B95C-0084F8F26F08}.Debug|Any CPU.Build.0 = Debug|Any CPU
		{3750BD77-F32E-44C7-B95C-0084F8F26F08}.Debug|x64.ActiveCfg = Debug|x64
		{3750BD77-F32E-44C7-B95C-0084F8F26F08}.Debug|x64.Build.0 = Debug|x64
		{3750BD77-F32E-44C7-B95C-0084F8F26F08}.Debug|x86.ActiveCfg = Debug|x86
		{3750BD77-F32E-44C7-B95C-0084F8F26F08}.Debug|x86.Build.0 = Debug|x86
		{3750BD77-F32E-44C7-B95C-0084F8F26F08}.Release|Any CPU.ActiveCfg = Release|Any CPU
		{3750BD77-F32E-44C7-B95C-0084F8F26F08}.Release|Any CPU.Build.0 = Release|Any CPU
		{3750BD77-F32E-44C7-B95C-0084F8F26F08}.Release|x64.ActiveCfg = Release|x64
		{3750BD77-F32E-44C7-B95C-0084F8F26F08}.Release|x64.Build.0 = Release|x64
		{3750BD77-F32E-44C7-B95C-0084F8F26F08}.Release|x86.ActiveCfg = Release|x86
		{3750BD77-F32E-44C7-B95C-0084F8F26F08}.Release|x86.Build.0 = Release|x86
		{593EF5C5-85A1-4BB5-9A99-7979EEA8DE53}.Debug|Any CPU.ActiveCfg = Debug|Any CPU
		{593EF5C5-85A1-4BB5-9A99-7979EEA8DE53}.Debug|Any CPU.Build.0 = Debug|Any CPU
		{593EF5C5-85A1-4BB5-9A99-7979EEA8DE53}.Debug|x64.ActiveCfg = Debug|x64
		{593EF5C5-85A1-4BB5-9A99-7979EEA8DE53}.Debug|x64.Build.0 = Debug|x64
		{593EF5C5-85A1-4BB5-9A99-7979EEA8DE53}.Debug|x86.ActiveCfg = Debug|x86
		{593EF5C5-85A1-4BB5-9A99-7979EEA8DE53}.Debug|x86.Build.0 = Debug|x86
		{593EF5C5-85A1-4BB5-9A99-7979EEA8DE53}.Release|Any CPU.ActiveCfg = Release|Any CPU
		{593EF5C5-85A1-4BB5-9A99-7979EEA8DE53}.Release|Any CPU.Build.0 = Release|Any CPU
		{593EF5C5-85A1-4BB5-9A99-7979EEA8DE53}.Release|x64.ActiveCfg = Release|x64
		{593EF5C5-85A1-4BB5-9A99-7979EEA8DE53}.Release|x64.Build.0 = Release|x64
		{593EF5C5-85A1-4BB5-9A99-7979EEA8DE53}.Release|x86.ActiveCfg = Release|x86
		{593EF5C5-85A1-4BB5-9A99-7979EEA8DE53}.Release|x86.Build.0 = Release|x86
	EndGlobalSection
EndGlobal
